// !$*UTF8*$!
{
	archiveVersion = 1;
	classes = {
	};
	objectVersion = 56;
	objects = {

/* Begin PBXBuildFile section */
		05646283B71641FE9B76892F /* WallpaperProvider.swift in Sources */ = {isa = PBXBuildFile; fileRef = 53AC02B25CC34261AD9D0F54 /* WallpaperProvider.swift */; };
		23F72BA66B114AA5859C529D /* GameItem.swift in Sources */ = {isa = PBXBuildFile; fileRef = 4F3B11B8732A436589647156 /* GameItem.swift */; };
		52909A11251F4FEFBEB90D05 /* LaunchogenApp.swift in Sources */ = {isa = PBXBuildFile; fileRef = 7B517AB18DCC4B8190FBE68E /* LaunchogenApp.swift */; };
		533117E393854344B8BB4FEE /* ContentView.swift in Sources */ = {isa = PBXBuildFile; fileRef = B24FE0EB8D544BBF86A8CF27 /* ContentView.swift */; };
		61ADE7CBE0744C8DA33DA3FB /* KeyboardNavigationCatcher.swift in Sources */ = {isa = PBXBuildFile; fileRef = 65AB76B89AB644FF83F7638D /* KeyboardNavigationCatcher.swift */; };
		805CB559B20A4AD58097B963 /* FullScreenLauncher.swift in Sources */ = {isa = PBXBuildFile; fileRef = B4503A77CD924801B533B1BD /* FullScreenLauncher.swift */; };
		8119123816DD491F9BDF8519 /* GameLibraryManager.swift in Sources */ = {isa = PBXBuildFile; fileRef = F9DA8A8E883A451FA02BA0C7 /* GameLibraryManager.swift */; };
		B989BB2514DD471D8BD9A057 /* Assets.xcassets in Resources */ = {isa = PBXBuildFile; fileRef = 65F8265212954DD8907AEF93 /* Assets.xcassets */; };
		CA9CA52999214CCDA82ADCB4 /* AppPickerManager.swift in Sources */ = {isa = PBXBuildFile; fileRef = 4BD809D67FF44803BD19BACD /* AppPickerManager.swift */; };
		F1073E0130398F20009AE0D2 /* AppIcon.icon in Resources */ = {isa = PBXBuildFile; fileRef = F1073E0030398F20009AE0D2 /* AppIcon.icon */; };
		F16350663039882200CA9074 /* Removeappcard.swift in Sources */ = {isa = PBXBuildFile; fileRef = F16350653039882200CA9074 /* Removeappcard.swift */; };
		F163506A30398B0C00CA9074 /* DockMode.swift in Sources */ = {isa = PBXBuildFile; fileRef = F163506930398B0C00CA9074 /* DockMode.swift */; };
		F69772C281164931A044AAF7 /* GameDock.swift in Sources */ = {isa = PBXBuildFile; fileRef = E9A1334657324CDB895C4881 /* GameDock.swift */; };
/* End PBXBuildFile section */

/* Begin PBXFileReference section */
		4BD809D67FF44803BD19BACD /* AppPickerManager.swift */ = {isa = PBXFileReference; lastKnownFileType = sourcecode.swift; path = AppPickerManager.swift; sourceTree = "<group>"; };
		4F3B11B8732A436589647156 /* GameItem.swift */ = {isa = PBXFileReference; lastKnownFileType = sourcecode.swift; path = GameItem.swift; sourceTree = "<group>"; };
		53AC02B25CC34261AD9D0F54 /* WallpaperProvider.swift */ = {isa = PBXFileReference; lastKnownFileType = sourcecode.swift; path = WallpaperProvider.swift; sourceTree = "<group>"; };
		63BB89270D824A749E12C42F /* Launchogen.entitlements */ = {isa = PBXFileReference; lastKnownFileType = text.plist.entitlements; path = Launchogen.entitlements; sourceTree = "<group>"; };
		65AB76B89AB644FF83F7638D /* KeyboardNavigationCatcher.swift */ = {isa = PBXFileReference; lastKnownFileType = sourcecode.swift; path = KeyboardNavigationCatcher.swift; sourceTree = "<group>"; };
		65F8265212954DD8907AEF93 /* Assets.xcassets */ = {isa = PBXFileReference; lastKnownFileType = folder.assetcatalog; path = Assets.xcassets; sourceTree = "<group>"; };
		7B517AB18DCC4B8190FBE68E /* LaunchogenApp.swift */ = {isa = PBXFileReference; lastKnownFileType = sourcecode.swift; path = LaunchogenApp.swift; sourceTree = "<group>"; };
		920C5BA6C1284B3D9155F786 /* Launchogen.app */ = {isa = PBXFileReference; explicitFileType = wrapper.application; includeInIndex = 0; path = Launchogen.app; sourceTree = BUILT_PRODUCTS_DIR; };
		9A1F5C3D2E4B4A6C8D0E1F23 /* Info.plist */ = {isa = PBXFileReference; lastKnownFileType = text.plist.xml; path = Info.plist; sourceTree = "<group>"; };
		B24FE0EB8D544BBF86A8CF27 /* ContentView.swift */ = {isa = PBXFileReference; lastKnownFileType = sourcecode.swift; path = ContentView.swift; sourceTree = "<group>"; };
		B4503A77CD924801B533B1BD /* FullScreenLauncher.swift */ = {isa = PBXFileReference; lastKnownFileType = sourcecode.swift; path = FullScreenLauncher.swift; sourceTree = "<group>"; };
		E9A1334657324CDB895C4881 /* GameDock.swift */ = {isa = PBXFileReference; lastKnownFileType = sourcecode.swift; path = GameDock.swift; sourceTree = "<group>"; };
		F1073E0030398F20009AE0D2 /* AppIcon.icon */ = {isa = PBXFileReference; lastKnownFileType = folder.iconcomposer.icon; path = AppIcon.icon; sourceTree = "<group>"; };
		F16350653039882200CA9074 /* Removeappcard.swift */ = {isa = PBXFileReference; lastKnownFileType = sourcecode.swift; path = Removeappcard.swift; sourceTree = "<group>"; };
		F163506930398B0C00CA9074 /* DockMode.swift */ = {isa = PBXFileReference; lastKnownFileType = sourcecode.swift; path = DockMode.swift; sourceTree = "<group>"; };
		F9DA8A8E883A451FA02BA0C7 /* GameLibraryManager.swift */ = {isa = PBXFileReference; lastKnownFileType = sourcecode.swift; path = GameLibraryManager.swift; sourceTree = "<group>"; };
/* End PBXFileReference section */

/* Begin PBXFrameworksBuildPhase section */
		E55C079AE605448291F87A56 /* Frameworks */ = {
			isa = PBXFrameworksBuildPhase;
			buildActionMask = 2147483647;
			files = (
			);
			runOnlyForDeploymentPostprocessing = 0;
		};
/* End PBXFrameworksBuildPhase section */

/* Begin PBXGroup section */
		0885FF9249354CB39555D289 /* Products */ = {
			isa = PBXGroup;
			children = (
				920C5BA6C1284B3D9155F786 /* Launchogen.app */,
			);
			name = Products;
			sourceTree = "<group>";
		};
		433C9E4FB4E14BE9AAD12F42 /* Models */ = {
			isa = PBXGroup;
			children = (
				4F3B11B8732A436589647156 /* GameItem.swift */,
			);
			path = Models;
			sourceTree = "<group>";
		};
		5136094987574E41B63F095A /* Managers */ = {
			isa = PBXGroup;
			children = (
				F9DA8A8E883A451FA02BA0C7 /* GameLibraryManager.swift */,
				4BD809D67FF44803BD19BACD /* AppPickerManager.swift */,
				B4503A77CD924801B533B1BD /* FullScreenLauncher.swift */,
				53AC02B25CC34261AD9D0F54 /* WallpaperProvider.swift */,
			);
			path = Managers;
			sourceTree = "<group>";
		};
		602697CC7CD24CE084785842 /* Launchogen */ = {
			isa = PBXGroup;
			children = (
				7B517AB18DCC4B8190FBE68E /* LaunchogenApp.swift */,
				433C9E4FB4E14BE9AAD12F42 /* Models */,
				F7AD6C9B00DB4169B80B3105 /* Views */,
				5136094987574E41B63F095A /* Managers */,
				65F8265212954DD8907AEF93 /* Assets.xcassets */,
				F1073E0030398F20009AE0D2 /* AppIcon.icon */,
				63BB89270D824A749E12C42F /* Launchogen.entitlements */,
				9A1F5C3D2E4B4A6C8D0E1F23 /* Info.plist */,
			);
			path = Launchogen;
			sourceTree = "<group>";
		};
		D01E4249477F4A89BD7B22C2 = {
			isa = PBXGroup;
			children = (
				602697CC7CD24CE084785842 /* Launchogen */,
				0885FF9249354CB39555D289 /* Products */,
			);
			sourceTree = "<group>";
		};
		F7AD6C9B00DB4169B80B3105 /* Views */ = {
			isa = PBXGroup;
			children = (
				F163506930398B0C00CA9074 /* DockMode.swift */,
				B24FE0EB8D544BBF86A8CF27 /* ContentView.swift */,
				E9A1334657324CDB895C4881 /* GameDock.swift */,
				65AB76B89AB644FF83F7638D /* KeyboardNavigationCatcher.swift */,
				F16350653039882200CA9074 /* Removeappcard.swift */,
			);
			path = Views;
			sourceTree = "<group>";
		};
/* End PBXGroup section */

/* Begin PBXNativeTarget section */
		923BEF10D82B4688B58645AE /* Launchogen */ = {
			isa = PBXNativeTarget;
			buildConfigurationList = 17E7590991144E5E8599A22C /* Build configuration list for PBXNativeTarget "Launchogen" */;
			buildPhases = (
				EC0647509B8B47418D664C59 /* Sources */,
				E55C079AE605448291F87A56 /* Frameworks */,
				BA78703DF33347E7B6CEBC1F /* Resources */,
			);
			buildRules = (
			);
			dependencies = (
			);
			name = Launchogen;
			productName = Launchogen;
			productReference = 920C5BA6C1284B3D9155F786 /* Launchogen.app */;
			productType = "com.apple.product-type.application";
		};
/* End PBXNativeTarget section */

/* Begin PBXProject section */
		646E171CD86142B68F066782 /* Project object */ = {
			isa = PBXProject;
			attributes = {
				BuildIndependentTargetsInParallel = 1;
				LastSwiftUpdateCheck = 1540;
				LastUpgradeCheck = 2700;
				TargetAttributes = {
					923BEF10D82B4688B58645AE = {
						CreatedOnToolsVersion = 15.4;
					};
				};
			};
			buildConfigurationList = 2588D0D5BA14424F954C2095 /* Build configuration list for PBXProject "Launchogen" */;
			compatibilityVersion = "Xcode 14.0";
			developmentRegion = en;
			hasScannedForEncodings = 0;
			knownRegions = (
				en,
				Base,
			);
			mainGroup = D01E4249477F4A89BD7B22C2;
			productRefGroup = 0885FF9249354CB39555D289 /* Products */;
			projectDirPath = "";
			projectRoot = "";
			targets = (
				923BEF10D82B4688B58645AE /* Launchogen */,
			);
		};
/* End PBXProject section */

/* Begin PBXResourcesBuildPhase section */
		BA78703DF33347E7B6CEBC1F /* Resources */ = {
			isa = PBXResourcesBuildPhase;
			buildActionMask = 2147483647;
			files = (
				B989BB2514DD471D8BD9A057 /* Assets.xcassets in Resources */,
				F1073E0130398F20009AE0D2 /* AppIcon.icon in Resources */,
			);
			runOnlyForDeploymentPostprocessing = 0;
		};
/* End PBXResourcesBuildPhase section */

/* Begin PBXSourcesBuildPhase section */
		EC0647509B8B47418D664C59 /* Sources */ = {
			isa = PBXSourcesBuildPhase;
			buildActionMask = 2147483647;
			files = (
				52909A11251F4FEFBEB90D05 /* LaunchogenApp.swift in Sources */,
				F16350663039882200CA9074 /* Removeappcard.swift in Sources */,
				533117E393854344B8BB4FEE /* ContentView.swift in Sources */,
				F69772C281164931A044AAF7 /* GameDock.swift in Sources */,
				23F72BA66B114AA5859C529D /* GameItem.swift in Sources */,
				F163506A30398B0C00CA9074 /* DockMode.swift in Sources */,
				8119123816DD491F9BDF8519 /* GameLibraryManager.swift in Sources */,
				CA9CA52999214CCDA82ADCB4 /* AppPickerManager.swift in Sources */,
				805CB559B20A4AD58097B963 /* FullScreenLauncher.swift in Sources */,
				05646283B71641FE9B76892F /* WallpaperProvider.swift in Sources */,
				61ADE7CBE0744C8DA33DA3FB /* KeyboardNavigationCatcher.swift in Sources */,
			);
			runOnlyForDeploymentPostprocessing = 0;
		};
/* End PBXSourcesBuildPhase section */

/* Begin XCBuildConfiguration section */
		39D68C5B67A141F092BB4233 /* Release */ = {
			isa = XCBuildConfiguration;
			buildSettings = {
				ASSETCATALOG_COMPILER_APPICON_NAME = AppIcon;
				ASSETCATALOG_COMPILER_GLOBAL_ACCENT_COLOR_NAME = AccentColor;
				ASSETCATALOG_COMPILER_INCLUDE_ALL_APPICON_ASSETS = YES;
				CODE_SIGN_ENTITLEMENTS = Launchogen/Launchogen.entitlements;
				CODE_SIGN_IDENTITY = "-";
				CODE_SIGN_STYLE = Automatic;
				COMBINE_HIDPI_IMAGES = YES;
				CURRENT_PROJECT_VERSION = 1;
				DEAD_CODE_STRIPPING = YES;
				ENABLE_HARDENED_RUNTIME = YES;
				ENABLE_PREVIEWS = YES;
				GENERATE_INFOPLIST_FILE = NO;
				INFOPLIST_FILE = Launchogen/Info.plist;
				INFOPLIST_KEY_NSHumanReadableCopyright = "";
				LD_RUNPATH_SEARCH_PATHS = (
					"$(inherited)",
					"@executable_path/../Frameworks",
				);
				MACOSX_DEPLOYMENT_TARGET = "$(RECOMMENDED_MACOSX_DEPLOYMENT_TARGET)";
				MARKETING_VERSION = 1.0;
				PRODUCT_BUNDLE_IDENTIFIER = com.bonfales12345.launchogen;
				PRODUCT_NAME = "$(TARGET_NAME)";
				SWIFT_EMIT_LOC_STRINGS = YES;
				SWIFT_VERSION = 5.0;
			};
			name = Release;
		};
		3C3081CE31DF43748D66EA94 /* Release */ = {
			isa = XCBuildConfiguration;
			buildSettings = {
				ALWAYS_SEARCH_USER_PATHS = NO;
				ASSETCATALOG_COMPILER_GENERATE_SWIFT_ASSET_SYMBOL_EXTENSIONS = YES;
				CLANG_ANALYZER_NONNULL = YES;
				CLANG_ANALYZER_NUMBER_OBJECT_CONVERSION = YES_AGGRESSIVE;
				CLANG_CXX_LANGUAGE_STANDARD = "gnu++20";
				CLANG_ENABLE_MODULES = YES;
				CLANG_ENABLE_OBJC_ARC = YES;
				CLANG_ENABLE_OBJC_WEAK = YES;
				CLANG_WARN_BLOCK_CAPTURE_AUTORELEASING = YES;
				CLANG_WARN_BOOL_CONVERSION = YES;
				CLANG_WARN_COMMA = YES;
				CLANG_WARN_CONSTANT_CONVERSION = YES;
				CLANG_WARN_DEPRECATED_OBJC_IMPLEMENTATIONS = YES;
				CLANG_WARN_DIRECT_OBJC_ISA_USAGE = YES_ERROR;
				CLANG_WARN_DOCUMENTATION_COMMENTS = YES;
				CLANG_WARN_EMPTY_BODY = YES;
				CLANG_WARN_ENUM_CONVERSION = YES;
				CLANG_WARN_INFINITE_RECURSION = YES;
				CLANG_WARN_INT_CONVERSION = YES;
				CLANG_WARN_NON_LITERAL_NULL_CONVERSION = YES;
				CLANG_WARN_OBJC_IMPLICIT_RETAIN_SELF = YES;
				CLANG_WARN_OBJC_LITERAL_CONVERSION = YES;
				CLANG_WARN_OBJC_ROOT_CLASS = YES_ERROR;
				CLANG_WARN_QUOTED_INCLUDE_IN_FRAMEWORK_HEADER = YES;
				CLANG_WARN_RANGE_LOOP_ANALYSIS = YES;
				CLANG_WARN_STRICT_PROTOTYPES = YES;
				CLANG_WARN_SUSPICIOUS_MOVE = YES;
				CLANG_WARN_UNGUARDED_AVAILABILITY = YES_AGGRESSIVE;
				CLANG_WARN_UNREACHABLE_CODE = YES;
				CLANG_WARN__DUPLICATE_METHOD_MATCH = YES;
				COPY_PHASE_STRIP = NO;
				DEAD_CODE_STRIPPING = YES;
				DEBUG_INFORMATION_FORMAT = "dwarf-with-dsym";
				ENABLE_NS_ASSERTIONS = NO;
				ENABLE_STRICT_OBJC_MSGSEND = YES;
				ENABLE_USER_SCRIPT_SANDBOXING = YES;
				GCC_C_LANGUAGE_STANDARD = gnu17;
				GCC_NO_COMMON_BLOCKS = YES;
				GCC_WARN_64_TO_32_BIT_CONVERSION = YES;
				GCC_WARN_ABOUT_RETURN_TYPE = YES_ERROR;
				GCC_WARN_UNDECLARED_SELECTOR = YES;
				GCC_WARN_UNINITIALIZED_AUTOS = YES_AGGRESSIVE;
				GCC_WARN_UNUSED_FUNCTION = YES;
				GCC_WARN_UNUSED_VARIABLE = YES;
				MACOSX_DEPLOYMENT_TARGET = 14.0;
				MTL_ENABLE_DEBUG_INFO = NO;
				MTL_FAST_MATH = YES;
				SDKROOT = macosx;
				STRING_CATALOG_GENERATE_SYMBOLS = YES;
				SWIFT_COMPILATION_MODE = wholemodule;
			};
			name = Release;
		};
		4432972DD0BD4BDD8B185C01 /* Debug */ = {
			isa = XCBuildConfiguration;
			buildSettings = {
				ALWAYS_SEARCH_USER_PATHS = NO;
				ASSETCATALOG_COMPILER_GENERATE_SWIFT_ASSET_SYMBOL_EXTENSIONS = YES;
				CLANG_ANALYZER_NONNULL = YES;
				CLANG_ANALYZER_NUMBER_OBJECT_CONVERSION = YES_AGGRESSIVE;
				CLANG_CXX_LANGUAGE_STANDARD = "gnu++20";
				CLANG_ENABLE_MODULES = YES;
				CLANG_ENABLE_OBJC_ARC = YES;
				CLANG_ENABLE_OBJC_WEAK = YES;
				CLANG_WARN_BLOCK_CAPTURE_AUTORELEASING = YES;
				CLANG_WARN_BOOL_CONVERSION = YES;
				CLANG_WARN_COMMA = YES;
				CLANG_WARN_CONSTANT_CONVERSION = YES;
				CLANG_WARN_DEPRECATED_OBJC_IMPLEMENTATIONS = YES;
				CLANG_WARN_DIRECT_OBJC_ISA_USAGE = YES_ERROR;
				CLANG_WARN_DOCUMENTATION_COMMENTS = YES;
				CLANG_WARN_EMPTY_BODY = YES;
				CLANG_WARN_ENUM_CONVERSION = YES;
				CLANG_WARN_INFINITE_RECURSION = YES;
				CLANG_WARN_INT_CONVERSION = YES;
				CLANG_WARN_NON_LITERAL_NULL_CONVERSION = YES;
				CLANG_WARN_OBJC_IMPLICIT_RETAIN_SELF = YES;
				CLANG_WARN_OBJC_LITERAL_CONVERSION = YES;
				CLANG_WARN_OBJC_ROOT_CLASS = YES_ERROR;
				CLANG_WARN_QUOTED_INCLUDE_IN_FRAMEWORK_HEADER = YES;
				CLANG_WARN_RANGE_LOOP_ANALYSIS = YES;
				CLANG_WARN_STRICT_PROTOTYPES = YES;
				CLANG_WARN_SUSPICIOUS_MOVE = YES;
				CLANG_WARN_UNGUARDED_AVAILABILITY = YES_AGGRESSIVE;
				CLANG_WARN_UNREACHABLE_CODE = YES;
				CLANG_WARN__DUPLICATE_METHOD_MATCH = YES;
				COPY_PHASE_STRIP = NO;
				DEAD_CODE_STRIPPING = YES;
				DEBUG_INFORMATION_FORMAT = dwarf;
				ENABLE_STRICT_OBJC_MSGSEND = YES;
				ENABLE_TESTABILITY = YES;
				ENABLE_USER_SCRIPT_SANDBOXING = YES;
				GCC_C_LANGUAGE_STANDARD = gnu17;
				GCC_DYNAMIC_NO_PIC = NO;
				GCC_NO_COMMON_BLOCKS = YES;
				GCC_OPTIMIZATION_LEVEL = 0;
				GCC_PREPROCESSOR_DEFINITIONS = (
					"DEBUG=1",
					"$(inherited)",
				);
				GCC_WARN_64_TO_32_BIT_CONVERSION = YES;
				GCC_WARN_ABOUT_RETURN_TYPE = YES_ERROR;
				GCC_WARN_UNDECLARED_SELECTOR = YES;
				GCC_WARN_UNINITIALIZED_AUTOS = YES_AGGRESSIVE;
				GCC_WARN_UNUSED_FUNCTION = YES;
				GCC_WARN_UNUSED_VARIABLE = YES;
				MACOSX_DEPLOYMENT_TARGET = 14.0;
				MTL_ENABLE_DEBUG_INFO = INCLUDE_SOURCE;
				MTL_FAST_MATH = YES;
				ONLY_ACTIVE_ARCH = YES;
				SDKROOT = macosx;
				STRING_CATALOG_GENERATE_SYMBOLS = YES;
				SWIFT_ACTIVE_COMPILATION_CONDITIONS = "DEBUG $(inherited)";
				SWIFT_OPTIMIZATION_LEVEL = "-Onone";
			};
			name = Debug;
		};
		65A812B21A234DE28AA4C9C5 /* Debug */ = {
			isa = XCBuildConfiguration;
			buildSettings = {
				ASSETCATALOG_COMPILER_APPICON_NAME = AppIcon;
				ASSETCATALOG_COMPILER_GLOBAL_ACCENT_COLOR_NAME = AccentColor;
				ASSETCATALOG_COMPILER_INCLUDE_ALL_APPICON_ASSETS = YES;
				CODE_SIGN_ENTITLEMENTS = Launchogen/Launchogen.entitlements;
				CODE_SIGN_IDENTITY = "-";
				CODE_SIGN_STYLE = Automatic;
				COMBINE_HIDPI_IMAGES = YES;
				CURRENT_PROJECT_VERSION = 1;
				DEAD_CODE_STRIPPING = YES;
				ENABLE_HARDENED_RUNTIME = YES;
				ENABLE_PREVIEWS = YES;
				GENERATE_INFOPLIST_FILE = NO;
				INFOPLIST_FILE = Launchogen/Info.plist;
				INFOPLIST_KEY_NSHumanReadableCopyright = "";
				LD_RUNPATH_SEARCH_PATHS = (
					"$(inherited)",
					"@executable_path/../Frameworks",
				);
				MACOSX_DEPLOYMENT_TARGET = "$(RECOMMENDED_MACOSX_DEPLOYMENT_TARGET)";
				MARKETING_VERSION = 1.0;
				PRODUCT_BUNDLE_IDENTIFIER = com.bonfales12345.launchogen;
				PRODUCT_NAME = "$(TARGET_NAME)";
				SWIFT_EMIT_LOC_STRINGS = YES;
				SWIFT_VERSION = 5.0;
			};
			name = Debug;
		};
/* End XCBuildConfiguration section */

/* Begin XCConfigurationList section */
		17E7590991144E5E8599A22C /* Build configuration list for PBXNativeTarget "Launchogen" */ = {
			isa = XCConfigurationList;
			buildConfigurations = (
				65A812B21A234DE28AA4C9C5 /* Debug */,
				39D68C5B67A141F092BB4233 /* Release */,
			);
			defaultConfigurationIsVisible = 0;
			defaultConfigurationName = Release;
		};
		2588D0D5BA14424F954C2095 /* Build configuration list for PBXProject "Launchogen" */ = {
			isa = XCConfigurationList;
			buildConfigurations = (
				4432972DD0BD4BDD8B185C01 /* Debug */,
				3C3081CE31DF43748D66EA94 /* Release */,
			);
			defaultConfigurationIsVisible = 0;
			defaultConfigurationName = Release;
		};
/* End XCConfigurationList section */
	};
	rootObject = 646E171CD86142B68F066782 /* Project object */;
}
